%{
  "adsadc": {:hex, :adsadc, "0.1.0", "d547fc9949fe6c708f49255dda7962ecdeff89395ba81260747ff9c39c228ef4", [:mix], [{:circuits_i2c, "~> 0.1", [hex: :circuits_i2c, repo: "hexpm", optional: false]}], "hexpm:alh", "baa5c79033148355dc81490a02404e36dfc35e781a571a41ea211903a922fccc"},
  "circuits_i2c": {:hex, :circuits_i2c, "0.3.6", "348b8de3cf1ade6c4b92ad7c9de7068df1af0d441df341d7d126d53671924f64", [:make, :mix], [{:elixir_make, "~> 0.6", [hex: :elixir_make, repo: "hexpm", optional: false]}], "hexpm", "da5b2814e429021f22252867a3fa48d77d7fcabeb3ff8a6c40d549227749b6a7"},
  "elixir_make": {:hex, :elixir_make, "0.6.0", "38349f3e29aff4864352084fc736fa7fa0f2995a819a737554f7ebd28b85aaab", [:mix], [], "hexpm", "d522695b93b7f0b4c0fcb2dfe73a6b905b1c301226a5a55cb42e5b14d509e050"},
  "test_library": {:hex, :test_library, "0.1.1", "831349d41fb5bf7a02c421c10281bba6938c2e7c5a663d4d080f39356ecb57d9", [:mix], [], "hexpm:alh", "6d59267dea609d63b8f7cf69a9cd40ab84702ef18ecf9cfe617b09af26a01ded"},
  "vl53tof": {:hex, :vl53tof, "0.1.0", "81b474d2b8eaf05b5acce26bf3f420d91325212e84ec0b105dff8a219c5cb013", [:mix], [{:circuits_i2c, "~> 0.1", [hex: :circuits_i2c, repo: "hexpm", optional: false]}], "hexpm:alh", "eea5c21093a60862af41514e7203ba5ac08a14d50d65d321e2ea6198f4456cc5"},
}
